
Microsoft Visual Studio Solution File, Format Version 12.00
# Visual Studio Version 16
VisualStudioVersion = 16.0.29411.108
MinimumVisualStudioVersion = 10.0.40219.1
Project("{FAE04EC0-301F-11D3-BF4B-00C04F79EFBC}") = "DZ-2", "DZ-2\DZ-2.csproj", "{27722942-B397-4D4D-B835-BF13721E4718}"
EndProject
Global
	GlobalSection(SolutionConfigurationPlatforms) = preSolution
		Debug|Any CPU = Debug|Any CPU
		Release|Any CPU = Release|Any CPU
	EndGlobalSection
	GlobalSection(ProjectConfigurationPlatforms) = postSolution
		{27722942-B397-4D4D-B835-BF13721E4718}.Debug|Any CPU.ActiveCfg = Debug|Any CPU
		{27722942-B397-4D4D-B835-BF13721E4718}.Debug|Any CPU.Build.0 = Debug|Any CPU
		{27722942-B397-4D4D-B835-BF13721E4718}.Release|Any CPU.ActiveCfg = Release|Any CPU
		{27722942-B397-4D4D-B835-BF13721E4718}.Release|Any CPU.Build.0 = Release|Any CPU
	EndGlobalSection
	GlobalSection(SolutionProperties) = preSolution
		HideSolutionNode = FALSE
	EndGlobalSection
	GlobalSection(ExtensibilityGlobals) = postSolution
		SolutionGuid = {FEAFC23A-A862-45FC-9489-A12132E8CAC3}
	EndGlobalSection
EndGlobal
